
Microsoft Visual Studio Solution File, Format Version 12.00
# Visual Studio Version 17
VisualStudioVersion = 17.3.32901.215
MinimumVisualStudioVersion = 10.0.40219.1
Project("{FAE04EC0-301F-11D3-BF4B-00C04F79EFBC}") = "tic-tac-toe", "tic-tac-toe.csproj", "{DFC3C46B-2DB1-4830-B771-CAE7F3EB4E1C}"
EndProject
Global
	GlobalSection(SolutionConfigurationPlatforms) = preSolution
		Debug|Any CPU = Debug|Any CPU
		Release|Any CPU = Release|Any CPU
	EndGlobalSection
	GlobalSection(ProjectConfigurationPlatforms) = postSolution
		{DFC3C46B-2DB1-4830-B771-CAE7F3EB4E1C}.Debug|Any CPU.ActiveCfg = Debug|Any CPU
		{DFC3C46B-2DB1-4830-B771-CAE7F3EB4E1C}.Debug|Any CPU.Build.0 = Debug|Any CPU
		{DFC3C46B-2DB1-4830-B771-CAE7F3EB4E1C}.Release|Any CPU.ActiveCfg = Release|Any CPU
		{DFC3C46B-2DB1-4830-B771-CAE7F3EB4E1C}.Release|Any CPU.Build.0 = Release|Any CPU
	EndGlobalSection
	GlobalSection(SolutionProperties) = preSolution
		HideSolutionNode = FALSE
	EndGlobalSection
	GlobalSection(ExtensibilityGlobals) = postSolution
		SolutionGuid = {5410DFF5-EC15-46CE-B2C4-B0B16EA884DC}
	EndGlobalSection
EndGlobal
